
Microsoft Visual Studio Solution File, Format Version 12.00
# Visual Studio Version 17
VisualStudioVersion = 17.11.35312.102
MinimumVisualStudioVersion = 10.0.40219.1
Project("{9A19103F-16F7-4668-BE54-9A1E7A4F7556}") = "SteamDesktop", "SteamDesktop.csproj", "{30438C5A-E50A-4D4E-B09E-BD7D76C5F834}"
EndProject
Global
	GlobalSection(SolutionConfigurationPlatforms) = preSolution
		Debug|Any CPU = Debug|Any CPU
		Release|Any CPU = Release|Any CPU
	EndGlobalSection
	GlobalSection(ProjectConfigurationPlatforms) = postSolution
		{30438C5A-E50A-4D4E-B09E-BD7D76C5F834}.Debug|Any CPU.ActiveCfg = Debug|Any CPU
		{30438C5A-E50A-4D4E-B09E-BD7D76C5F834}.Debug|Any CPU.Build.0 = Debug|Any CPU
		{30438C5A-E50A-4D4E-B09E-BD7D76C5F834}.Release|Any CPU.ActiveCfg = Release|Any CPU
		{30438C5A-E50A-4D4E-B09E-BD7D76C5F834}.Release|Any CPU.Build.0 = Release|Any CPU
	EndGlobalSection
	GlobalSection(SolutionProperties) = preSolution
		HideSolutionNode = FALSE
	EndGlobalSection
	GlobalSection(ExtensibilityGlobals) = postSolution
		SolutionGuid = {DEADADD4-CD16-4874-8018-AA0C5603855C}
	EndGlobalSection
EndGlobal
